
Microsoft Visual Studio Solution File, Format Version 12.00
# Visual Studio 2012
Project("{FAE04EC0-301F-11D3-BF4B-00C04F79EFBC}") = "AMTApi", "AMTApi\AMTApi.csproj", "{F8362972-44AC-4A5D-905C-F1EACF5A5460}"
EndProject
Project("{FAE04EC0-301F-11D3-BF4B-00C04F79EFBC}") = "AMTDll", "..\AMTDll.DLL\AMTDll.csproj", "{EBA7C81E-956F-4650-A176-157B6111A004}"
EndProject
Global
	GlobalSection(SolutionConfigurationPlatforms) = preSolution
		Debug|Any CPU = Debug|Any CPU
		Release|Any CPU = Release|Any CPU
	EndGlobalSection
	GlobalSection(ProjectConfigurationPlatforms) = postSolution
		{F8362972-44AC-4A5D-905C-F1EACF5A5460}.Debug|Any CPU.ActiveCfg = Debug|Any CPU
		{F8362972-44AC-4A5D-905C-F1EACF5A5460}.Debug|Any CPU.Build.0 = Debug|Any CPU
		{F8362972-44AC-4A5D-905C-F1EACF5A5460}.Release|Any CPU.ActiveCfg = Release|Any CPU
		{F8362972-44AC-4A5D-905C-F1EACF5A5460}.Release|Any CPU.Build.0 = Release|Any CPU
		{EBA7C81E-956F-4650-A176-157B6111A004}.Debug|Any CPU.ActiveCfg = Debug|Any CPU
		{EBA7C81E-956F-4650-A176-157B6111A004}.Debug|Any CPU.Build.0 = Debug|Any CPU
		{EBA7C81E-956F-4650-A176-157B6111A004}.Release|Any CPU.ActiveCfg = Release|Any CPU
		{EBA7C81E-956F-4650-A176-157B6111A004}.Release|Any CPU.Build.0 = Release|Any CPU
	EndGlobalSection
EndGlobal
